
Microsoft Visual Studio Solution File, Format Version 12.00
# Visual Studio 15
Project("{FAE04EC0-301F-11D3-BF4B-00C04F79EFBC}") = "Xamarin.Twilio.Chat.Android", "Xamarin.Twilio.Chat.Android\Xamarin.Twilio.Chat.Android.csproj", "{8213B8FF-EBE3-4EB4-B3C2-0741ACF9C1A0}"
EndProject
Project("{FAE04EC0-301F-11D3-BF4B-00C04F79EFBC}") = "DemoTwilioChatAndroid", "DemoTwilioChatAndroid\DemoTwilioChatAndroid.csproj", "{99A808FF-6F3D-45F3-A878-D542A66EA274}"
EndProject
Global
	GlobalSection(SolutionConfigurationPlatforms) = preSolution
		Debug|Any CPU = Debug|Any CPU
		Release|Any CPU = Release|Any CPU
	EndGlobalSection
	GlobalSection(ProjectConfigurationPlatforms) = postSolution
		{8213B8FF-EBE3-4EB4-B3C2-0741ACF9C1A0}.Debug|Any CPU.ActiveCfg = Debug|Any CPU
		{8213B8FF-EBE3-4EB4-B3C2-0741ACF9C1A0}.Debug|Any CPU.Build.0 = Debug|Any CPU
		{8213B8FF-EBE3-4EB4-B3C2-0741ACF9C1A0}.Release|Any CPU.ActiveCfg = Release|Any CPU
		{8213B8FF-EBE3-4EB4-B3C2-0741ACF9C1A0}.Release|Any CPU.Build.0 = Release|Any CPU
		{99A808FF-6F3D-45F3-A878-D542A66EA274}.Debug|Any CPU.ActiveCfg = Debug|Any CPU
		{99A808FF-6F3D-45F3-A878-D542A66EA274}.Debug|Any CPU.Build.0 = Debug|Any CPU
		{99A808FF-6F3D-45F3-A878-D542A66EA274}.Release|Any CPU.ActiveCfg = Release|Any CPU
		{99A808FF-6F3D-45F3-A878-D542A66EA274}.Release|Any CPU.Build.0 = Release|Any CPU
	EndGlobalSection
EndGlobal
